
Microsoft Visual Studio Solution File, Format Version 12.00
# Visual Studio Version 17
VisualStudioVersion = 17.4.33213.308
MinimumVisualStudioVersion = 10.0.40219.1
Project("{FAE04EC0-301F-11D3-BF4B-00C04F79EFBC}") = "Numeros_Par_Impar_Positivos_Y_Negativos", "Numeros_Par_Impar_Positivos_Y_Negativos\Numeros_Par_Impar_Positivos_Y_Negativos.csproj", "{69563477-D483-4F63-9C1D-FEFAC57E4686}"
EndProject
Global
	GlobalSection(SolutionConfigurationPlatforms) = preSolution
		Debug|Any CPU = Debug|Any CPU
		Release|Any CPU = Release|Any CPU
	EndGlobalSection
	GlobalSection(ProjectConfigurationPlatforms) = postSolution
		{69563477-D483-4F63-9C1D-FEFAC57E4686}.Debug|Any CPU.ActiveCfg = Debug|Any CPU
		{69563477-D483-4F63-9C1D-FEFAC57E4686}.Debug|Any CPU.Build.0 = Debug|Any CPU
		{69563477-D483-4F63-9C1D-FEFAC57E4686}.Release|Any CPU.ActiveCfg = Release|Any CPU
		{69563477-D483-4F63-9C1D-FEFAC57E4686}.Release|Any CPU.Build.0 = Release|Any CPU
	EndGlobalSection
	GlobalSection(SolutionProperties) = preSolution
		HideSolutionNode = FALSE
	EndGlobalSection
	GlobalSection(ExtensibilityGlobals) = postSolution
		SolutionGuid = {36B905CE-9F1F-41B6-AC68-FEC36942858C}
	EndGlobalSection
EndGlobal
